// !$*UTF8*$!
{
	archiveVersion = 1;
	classes = {
	};
	objectVersion = 50;
	objects = {

/* Begin PBXBuildFile section */
		6F164225227617FF008B16A0 /* AppDelegate.swift in Sources */ = {isa = PBXBuildFile; fileRef = 6F164224227617FF008B16A0 /* AppDelegate.swift */; };
		6F164227227617FF008B16A0 /* FlickrImageSearchVC.swift in Sources */ = {isa = PBXBuildFile; fileRef = 6F164226227617FF008B16A0 /* FlickrImageSearchVC.swift */; };
		6F16422A227617FF008B16A0 /* Main.storyboard in Resources */ = {isa = PBXBuildFile; fileRef = 6F164228227617FF008B16A0 /* Main.storyboard */; };
		6F16422C22761801008B16A0 /* Assets.xcassets in Resources */ = {isa = PBXBuildFile; fileRef = 6F16422B22761801008B16A0 /* Assets.xcassets */; };
		6F16422F22761801008B16A0 /* LaunchScreen.storyboard in Resources */ = {isa = PBXBuildFile; fileRef = 6F16422D22761801008B16A0 /* LaunchScreen.storyboard */; };
		6F164238227619F1008B16A0 /* PhotoSearchResonseModel.swift in Sources */ = {isa = PBXBuildFile; fileRef = 6F164237227619F1008B16A0 /* PhotoSearchResonseModel.swift */; };
		6F16423C22761D78008B16A0 /* FlickrSearchAPI.swift in Sources */ = {isa = PBXBuildFile; fileRef = 6F16423B22761D78008B16A0 /* FlickrSearchAPI.swift */; };
		6F16423E227622C4008B16A0 /* FlickrSearchEngine.swift in Sources */ = {isa = PBXBuildFile; fileRef = 6F16423D227622C4008B16A0 /* FlickrSearchEngine.swift */; };
		6F1642402277992C008B16A0 /* PhotoDisplayCollectionViewCell.swift in Sources */ = {isa = PBXBuildFile; fileRef = 6F16423F2277992C008B16A0 /* PhotoDisplayCollectionViewCell.swift */; };
		ACA1B3E322782DD100175D36 /* PhotoDisplayCltnCell.xib in Resources */ = {isa = PBXBuildFile; fileRef = ACA1B3E222782DD100175D36 /* PhotoDisplayCltnCell.xib */; };
/* End PBXBuildFile section */

/* Begin PBXFileReference section */
		6F164221227617FF008B16A0 /* FlickrImageSearch.app */ = {isa = PBXFileReference; explicitFileType = wrapper.application; includeInIndex = 0; path = FlickrImageSearch.app; sourceTree = BUILT_PRODUCTS_DIR; };
		6F164224227617FF008B16A0 /* AppDelegate.swift */ = {isa = PBXFileReference; lastKnownFileType = sourcecode.swift; path = AppDelegate.swift; sourceTree = "<group>"; };
		6F164226227617FF008B16A0 /* FlickrImageSearchVC.swift */ = {isa = PBXFileReference; lastKnownFileType = sourcecode.swift; path = FlickrImageSearchVC.swift; sourceTree = "<group>"; };
		6F164229227617FF008B16A0 /* Base */ = {isa = PBXFileReference; lastKnownFileType = file.storyboard; name = Base; path = Base.lproj/Main.storyboard; sourceTree = "<group>"; };
		6F16422B22761801008B16A0 /* Assets.xcassets */ = {isa = PBXFileReference; lastKnownFileType = folder.assetcatalog; path = Assets.xcassets; sourceTree = "<group>"; };
		6F16422E22761801008B16A0 /* Base */ = {isa = PBXFileReference; lastKnownFileType = file.storyboard; name = Base; path = Base.lproj/LaunchScreen.storyboard; sourceTree = "<group>"; };
		6F16423022761801008B16A0 /* Info.plist */ = {isa = PBXFileReference; lastKnownFileType = text.plist.xml; path = Info.plist; sourceTree = "<group>"; };
		6F164237227619F1008B16A0 /* PhotoSearchResonseModel.swift */ = {isa = PBXFileReference; lastKnownFileType = sourcecode.swift; path = PhotoSearchResonseModel.swift; sourceTree = "<group>"; };
		6F16423B22761D78008B16A0 /* FlickrSearchAPI.swift */ = {isa = PBXFileReference; lastKnownFileType = sourcecode.swift; path = FlickrSearchAPI.swift; sourceTree = "<group>"; };
		6F16423D227622C4008B16A0 /* FlickrSearchEngine.swift */ = {isa = PBXFileReference; lastKnownFileType = sourcecode.swift; path = FlickrSearchEngine.swift; sourceTree = "<group>"; };
		6F16423F2277992C008B16A0 /* PhotoDisplayCollectionViewCell.swift */ = {isa = PBXFileReference; lastKnownFileType = sourcecode.swift; path = PhotoDisplayCollectionViewCell.swift; sourceTree = "<group>"; };
		ACA1B3E222782DD100175D36 /* PhotoDisplayCltnCell.xib */ = {isa = PBXFileReference; fileEncoding = 4; lastKnownFileType = file.xib; path = PhotoDisplayCltnCell.xib; sourceTree = "<group>"; };
/* End PBXFileReference section */

/* Begin PBXFrameworksBuildPhase section */
		6F16421E227617FF008B16A0 /* Frameworks */ = {
			isa = PBXFrameworksBuildPhase;
			buildActionMask = 2147483647;
			files = (
			);
			runOnlyForDeploymentPostprocessing = 0;
		};
/* End PBXFrameworksBuildPhase section */

/* Begin PBXGroup section */
		6F164218227617FF008B16A0 = {
			isa = PBXGroup;
			children = (
				6F16423A22761C5E008B16A0 /* PhotoSearchEngine */,
				6F164236227619B5008B16A0 /* Model */,
				6F164223227617FF008B16A0 /* FlickrImageSearch */,
				6F164222227617FF008B16A0 /* Products */,
			);
			sourceTree = "<group>";
		};
		6F164222227617FF008B16A0 /* Products */ = {
			isa = PBXGroup;
			children = (
				6F164221227617FF008B16A0 /* FlickrImageSearch.app */,
			);
			name = Products;
			sourceTree = "<group>";
		};
		6F164223227617FF008B16A0 /* FlickrImageSearch */ = {
			isa = PBXGroup;
			children = (
				ACA1B3E222782DD100175D36 /* PhotoDisplayCltnCell.xib */,
				6F164224227617FF008B16A0 /* AppDelegate.swift */,
				6F164226227617FF008B16A0 /* FlickrImageSearchVC.swift */,
				6F164228227617FF008B16A0 /* Main.storyboard */,
				6F16422B22761801008B16A0 /* Assets.xcassets */,
				6F16422D22761801008B16A0 /* LaunchScreen.storyboard */,
				6F16423022761801008B16A0 /* Info.plist */,
				6F16423F2277992C008B16A0 /* PhotoDisplayCollectionViewCell.swift */,
			);
			path = FlickrImageSearch;
			sourceTree = "<group>";
		};
		6F164236227619B5008B16A0 /* Model */ = {
			isa = PBXGroup;
			children = (
				6F164237227619F1008B16A0 /* PhotoSearchResonseModel.swift */,
			);
			path = Model;
			sourceTree = "<group>";
		};
		6F16423A22761C5E008B16A0 /* PhotoSearchEngine */ = {
			isa = PBXGroup;
			children = (
				6F16423B22761D78008B16A0 /* FlickrSearchAPI.swift */,
				6F16423D227622C4008B16A0 /* FlickrSearchEngine.swift */,
			);
			path = PhotoSearchEngine;
			sourceTree = "<group>";
		};
/* End PBXGroup section */

/* Begin PBXNativeTarget section */
		6F164220227617FF008B16A0 /* FlickrImageSearch */ = {
			isa = PBXNativeTarget;
			buildConfigurationList = 6F16423322761801008B16A0 /* Build configuration list for PBXNativeTarget "FlickrImageSearch" */;
			buildPhases = (
				6F16421D227617FF008B16A0 /* Sources */,
				6F16421E227617FF008B16A0 /* Frameworks */,
				6F16421F227617FF008B16A0 /* Resources */,
			);
			buildRules = (
			);
			dependencies = (
			);
			name = FlickrImageSearch;
			productName = FlickrImageSearch;
			productReference = 6F164221227617FF008B16A0 /* FlickrImageSearch.app */;
			productType = "com.apple.product-type.application";
		};
/* End PBXNativeTarget section */

/* Begin PBXProject section */
		6F164219227617FF008B16A0 /* Project object */ = {
			isa = PBXProject;
			attributes = {
				LastSwiftUpdateCheck = 1020;
				LastUpgradeCheck = 1020;
				ORGANIZATIONNAME = aayushm95;
				TargetAttributes = {
					6F164220227617FF008B16A0 = {
						CreatedOnToolsVersion = 10.2.1;
					};
				};
			};
			buildConfigurationList = 6F16421C227617FF008B16A0 /* Build configuration list for PBXProject "FlickrImageSearch" */;
			compatibilityVersion = "Xcode 9.3";
			developmentRegion = en;
			hasScannedForEncodings = 0;
			knownRegions = (
				en,
				Base,
			);
			mainGroup = 6F164218227617FF008B16A0;
			productRefGroup = 6F164222227617FF008B16A0 /* Products */;
			projectDirPath = "";
			projectRoot = "";
			targets = (
				6F164220227617FF008B16A0 /* FlickrImageSearch */,
			);
		};
/* End PBXProject section */

/* Begin PBXResourcesBuildPhase section */
		6F16421F227617FF008B16A0 /* Resources */ = {
			isa = PBXResourcesBuildPhase;
			buildActionMask = 2147483647;
			files = (
				6F16422F22761801008B16A0 /* LaunchScreen.storyboard in Resources */,
				6F16422C22761801008B16A0 /* Assets.xcassets in Resources */,
				ACA1B3E322782DD100175D36 /* PhotoDisplayCltnCell.xib in Resources */,
				6F16422A227617FF008B16A0 /* Main.storyboard in Resources */,
			);
			runOnlyForDeploymentPostprocessing = 0;
		};
/* End PBXResourcesBuildPhase section */

/* Begin PBXSourcesBuildPhase section */
		6F16421D227617FF008B16A0 /* Sources */ = {
			isa = PBXSourcesBuildPhase;
			buildActionMask = 2147483647;
			files = (
				6F164227227617FF008B16A0 /* FlickrImageSearchVC.swift in Sources */,
				6F164225227617FF008B16A0 /* AppDelegate.swift in Sources */,
				6F16423E227622C4008B16A0 /* FlickrSearchEngine.swift in Sources */,
				6F164238227619F1008B16A0 /* PhotoSearchResonseModel.swift in Sources */,
				6F1642402277992C008B16A0 /* PhotoDisplayCollectionViewCell.swift in Sources */,
				6F16423C22761D78008B16A0 /* FlickrSearchAPI.swift in Sources */,
			);
			runOnlyForDeploymentPostprocessing = 0;
		};
/* End PBXSourcesBuildPhase section */

/* Begin PBXVariantGroup section */
		6F164228227617FF008B16A0 /* Main.storyboard */ = {
			isa = PBXVariantGroup;
			children = (
				6F164229227617FF008B16A0 /* Base */,
			);
			name = Main.storyboard;
			sourceTree = "<group>";
		};
		6F16422D22761801008B16A0 /* LaunchScreen.storyboard */ = {
			isa = PBXVariantGroup;
			children = (
				6F16422E22761801008B16A0 /* Base */,
			);
			name = LaunchScreen.storyboard;
			sourceTree = "<group>";
		};
/* End PBXVariantGroup section */

/* Begin XCBuildConfiguration section */
		6F16423122761801008B16A0 /* Debug */ = {
			isa = XCBuildConfiguration;
			buildSettings = {
				ALWAYS_SEARCH_USER_PATHS = NO;
				CLANG_ANALYZER_NONNULL = YES;
				CLANG_ANALYZER_NUMBER_OBJECT_CONVERSION = YES_AGGRESSIVE;
				CLANG_CXX_LANGUAGE_STANDARD = "gnu++14";
				CLANG_CXX_LIBRARY = "libc++";
				CLANG_ENABLE_MODULES = YES;
				CLANG_ENABLE_OBJC_ARC = YES;
				CLANG_ENABLE_OBJC_WEAK = YES;
				CLANG_WARN_BLOCK_CAPTURE_AUTORELEASING = YES;
				CLANG_WARN_BOOL_CONVERSION = YES;
				CLANG_WARN_COMMA = YES;
				CLANG_WARN_CONSTANT_CONVERSION = YES;
				CLANG_WARN_DEPRECATED_OBJC_IMPLEMENTATIONS = YES;
				CLANG_WARN_DIRECT_OBJC_ISA_USAGE = YES_ERROR;
				CLANG_WARN_DOCUMENTATION_COMMENTS = YES;
				CLANG_WARN_EMPTY_BODY = YES;
				CLANG_WARN_ENUM_CONVERSION = YES;
				CLANG_WARN_INFINITE_RECURSION = YES;
				CLANG_WARN_INT_CONVERSION = YES;
				CLANG_WARN_NON_LITERAL_NULL_CONVERSION = YES;
				CLANG_WARN_OBJC_IMPLICIT_RETAIN_SELF = YES;
				CLANG_WARN_OBJC_LITERAL_CONVERSION = YES;
				CLANG_WARN_OBJC_ROOT_CLASS = YES_ERROR;
				CLANG_WARN_RANGE_LOOP_ANALYSIS = YES;
				CLANG_WARN_STRICT_PROTOTYPES = YES;
				CLANG_WARN_SUSPICIOUS_MOVE = YES;
				CLANG_WARN_UNGUARDED_AVAILABILITY = YES_AGGRESSIVE;
				CLANG_WARN_UNREACHABLE_CODE = YES;
				CLANG_WARN__DUPLICATE_METHOD_MATCH = YES;
				CODE_SIGN_IDENTITY = "iPhone Developer";
				COPY_PHASE_STRIP = NO;
				DEBUG_INFORMATION_FORMAT = dwarf;
				ENABLE_STRICT_OBJC_MSGSEND = YES;
				ENABLE_TESTABILITY = YES;
				GCC_C_LANGUAGE_STANDARD = gnu11;
				GCC_DYNAMIC_NO_PIC = NO;
				GCC_NO_COMMON_BLOCKS = YES;
				GCC_OPTIMIZATION_LEVEL = 0;
				GCC_PREPROCESSOR_DEFINITIONS = (
					"DEBUG=1",
					"$(inherited)",
				);
				GCC_WARN_64_TO_32_BIT_CONVERSION = YES;
				GCC_WARN_ABOUT_RETURN_TYPE = YES_ERROR;
				GCC_WARN_UNDECLARED_SELECTOR = YES;
				GCC_WARN_UNINITIALIZED_AUTOS = YES_AGGRESSIVE;
				GCC_WARN_UNUSED_FUNCTION = YES;
				GCC_WARN_UNUSED_VARIABLE = YES;
				IPHONEOS_DEPLOYMENT_TARGET = 12.2;
				MTL_ENABLE_DEBUG_INFO = INCLUDE_SOURCE;
				MTL_FAST_MATH = YES;
				ONLY_ACTIVE_ARCH = YES;
				SDKROOT = iphoneos;
				SWIFT_ACTIVE_COMPILATION_CONDITIONS = DEBUG;
				SWIFT_OPTIMIZATION_LEVEL = "-Onone";
			};
			name = Debug;
		};
		6F16423222761801008B16A0 /* Release */ = {
			isa = XCBuildConfiguration;
			buildSettings = {
				ALWAYS_SEARCH_USER_PATHS = NO;
				CLANG_ANALYZER_NONNULL = YES;
				CLANG_ANALYZER_NUMBER_OBJECT_CONVERSION = YES_AGGRESSIVE;
				CLANG_CXX_LANGUAGE_STANDARD = "gnu++14";
				CLANG_CXX_LIBRARY = "libc++";
				CLANG_ENABLE_MODULES = YES;
				CLANG_ENABLE_OBJC_ARC = YES;
				CLANG_ENABLE_OBJC_WEAK = YES;
				CLANG_WARN_BLOCK_CAPTURE_AUTORELEASING = YES;
				CLANG_WARN_BOOL_CONVERSION = YES;
				CLANG_WARN_COMMA = YES;
				CLANG_WARN_CONSTANT_CONVERSION = YES;
				CLANG_WARN_DEPRECATED_OBJC_IMPLEMENTATIONS = YES;
				CLANG_WARN_DIRECT_OBJC_ISA_USAGE = YES_ERROR;
				CLANG_WARN_DOCUMENTATION_COMMENTS = YES;
				CLANG_WARN_EMPTY_BODY = YES;
				CLANG_WARN_ENUM_CONVERSION = YES;
				CLANG_WARN_INFINITE_RECURSION = YES;
				CLANG_WARN_INT_CONVERSION = YES;
				CLANG_WARN_NON_LITERAL_NULL_CONVERSION = YES;
				CLANG_WARN_OBJC_IMPLICIT_RETAIN_SELF = YES;
				CLANG_WARN_OBJC_LITERAL_CONVERSION = YES;
				CLANG_WARN_OBJC_ROOT_CLASS = YES_ERROR;
				CLANG_WARN_RANGE_LOOP_ANALYSIS = YES;
				CLANG_WARN_STRICT_PROTOTYPES = YES;
				CLANG_WARN_SUSPICIOUS_MOVE = YES;
				CLANG_WARN_UNGUARDED_AVAILABILITY = YES_AGGRESSIVE;
				CLANG_WARN_UNREACHABLE_CODE = YES;
				CLANG_WARN__DUPLICATE_METHOD_MATCH = YES;
				CODE_SIGN_IDENTITY = "iPhone Developer";
				COPY_PHASE_STRIP = NO;
				DEBUG_INFORMATION_FORMAT = "dwarf-with-dsym";
				ENABLE_NS_ASSERTIONS = NO;
				ENABLE_STRICT_OBJC_MSGSEND = YES;
				GCC_C_LANGUAGE_STANDARD = gnu11;
				GCC_NO_COMMON_BLOCKS = YES;
				GCC_WARN_64_TO_32_BIT_CONVERSION = YES;
				GCC_WARN_ABOUT_RETURN_TYPE = YES_ERROR;
				GCC_WARN_UNDECLARED_SELECTOR = YES;
				GCC_WARN_UNINITIALIZED_AUTOS = YES_AGGRESSIVE;
				GCC_WARN_UNUSED_FUNCTION = YES;
				GCC_WARN_UNUSED_VARIABLE = YES;
				IPHONEOS_DEPLOYMENT_TARGET = 12.2;
				MTL_ENABLE_DEBUG_INFO = NO;
				MTL_FAST_MATH = YES;
				SDKROOT = iphoneos;
				SWIFT_COMPILATION_MODE = wholemodule;
				SWIFT_OPTIMIZATION_LEVEL = "-O";
				VALIDATE_PRODUCT = YES;
			};
			name = Release;
		};
		6F16423422761801008B16A0 /* Debug */ = {
			isa = XCBuildConfiguration;
			buildSettings = {
				ASSETCATALOG_COMPILER_APPICON_NAME = AppIcon;
				CODE_SIGN_STYLE = Automatic;
				INFOPLIST_FILE = FlickrImageSearch/Info.plist;
				LD_RUNPATH_SEARCH_PATHS = (
					"$(inherited)",
					"@executable_path/Frameworks",
				);
				PRODUCT_BUNDLE_IDENTIFIER = com.aayushm95.FlickrImageSearch;
				PRODUCT_NAME = "$(TARGET_NAME)";
				SWIFT_VERSION = 5.0;
				TARGETED_DEVICE_FAMILY = "1,2";
			};
			name = Debug;
		};
		6F16423522761801008B16A0 /* Release */ = {
			isa = XCBuildConfiguration;
			buildSettings = {
				ASSETCATALOG_COMPILER_APPICON_NAME = AppIcon;
				CODE_SIGN_STYLE = Automatic;
				INFOPLIST_FILE = FlickrImageSearch/Info.plist;
				LD_RUNPATH_SEARCH_PATHS = (
					"$(inherited)",
					"@executable_path/Frameworks",
				);
				PRODUCT_BUNDLE_IDENTIFIER = com.aayushm95.FlickrImageSearch;
				PRODUCT_NAME = "$(TARGET_NAME)";
				SWIFT_VERSION = 5.0;
				TARGETED_DEVICE_FAMILY = "1,2";
			};
			name = Release;
		};
/* End XCBuildConfiguration section */

/* Begin XCConfigurationList section */
		6F16421C227617FF008B16A0 /* Build configuration list for PBXProject "FlickrImageSearch" */ = {
			isa = XCConfigurationList;
			buildConfigurations = (
				6F16423122761801008B16A0 /* Debug */,
				6F16423222761801008B16A0 /* Release */,
			);
			defaultConfigurationIsVisible = 0;
			defaultConfigurationName = Release;
		};
		6F16423322761801008B16A0 /* Build configuration list for PBXNativeTarget "FlickrImageSearch" */ = {
			isa = XCConfigurationList;
			buildConfigurations = (
				6F16423422761801008B16A0 /* Debug */,
				6F16423522761801008B16A0 /* Release */,
			);
			defaultConfigurationIsVisible = 0;
			defaultConfigurationName = Release;
		};
/* End XCConfigurationList section */
	};
	rootObject = 6F164219227617FF008B16A0 /* Project object */;
}
